github.com/aws/aws-sdk-go v1.48.4 h1:HS2L7ynVhkcRrQRro9CLJZ/xLRb4UOzDEfPzgevZwXM=
github.com/aws/aws-sdk-go v1.48.4/go.mod h1:LF8svs817+Nz+DmiMQKTO3ubZ/6IaTpq3TjupRn3Eqk=
github.com/aws/aws-sdk-go-v2 v1.23.1 h1:qXaFsOOMA+HsZtX8WoCa+gJnbyW7qyFFBlPqvTSzbaI=
github.com/aws/aws-sdk-go-v2 v1.23.1/go.mod h1:i1XDttT4rnf6vxc9AuskLc6s7XBee8rlLilKlc03uAA=
github.com/aws/aws-sdk-go-v2/aws/protocol/eventstream v1.5.1 h1:ZY3108YtBNq96jNZTICHxN1gSBSbnvIdYwwqnvCV4Mc=
github.com/aws/aws-sdk-go-v2/aws/protocol/eventstream v1.5.1/go.mod h1:t8PYl/6LzdAqsU4/9tz28V/kU+asFePvpOMkdul0gEQ=
github.com/aws/aws-sdk-go-v2/config v1.25.5 h1:UGKm9hpQS2hoK8CEJ1BzAW8NbUpvwDJJ4lyqXSzu8bk=
github.com/aws/aws-sdk-go-v2/config v1.25.5/go.mod h1:Bf4gDvy4ZcFIK0rqDu1wp9wrubNba2DojiPB2rt6nvI=
github.com/aws/aws-sdk-go-v2/credentials v1.16.4 h1:i7UQYYDSJrtc30RSwJwfBKwLFNnBTiICqAJ0pPdum8E=
github.com/aws/aws-sdk-go-v2/credentials v1.16.4/go.mod h1:Kdh/okh+//vQ/AjEt81CjvkTo64+/zIE4OewP7RpfXk=
github.com/aws/aws-sdk-go-v2/feature/dynamodb/attributevalue v1.12.3 h1:iyIhDuGLkS0tRUMSIZmVVyH72BOd9kEfAwy31f+y1q0=
github.com/aws/aws-sdk-go-v2/feature/dynamodb/attributevalue v1.12.3/go.mod h1:ii+sRLiXBlPY8VNBbmjWnUEJyXSZC2NPGdpmdIpBalQ=
github.com/aws/aws-sdk-go-v2/feature/ec2/imds v1.14.5 h1:KehRNiVzIfAcj6gw98zotVbb/K67taJE0fkfgM6vzqU=
github.com/aws/aws-sdk-go-v2/feature/ec2/imds v1.14.5/go.mod h1:VhnExhw6uXy9QzetvpXDolo1/hjhx4u9qukBGkuUwjs=
github.com/aws/aws-sdk-go-v2/feature/s3/manager v1.14.3 h1:edTeIcLVO/gefaQ4VdKeFaI4ygdSZ7s/eCWYo0kBxAc=
github.com/aws/aws-sdk-go-v2/feature/s3/manager v1.14.3/go.mod h1:3rp61zCDi1E//0vHdx2ULc5eLlo0JOqVd1hxmks6S84=
github.com/aws/aws-sdk-go-v2/internal/configsources v1.2.4 h1:LAm3Ycm9HJfbSCd5I+wqC2S9Ej7FPrgr5CQoOljJZcE=
github.com/aws/aws-sdk-go-v2/internal/configsources v1.2.4/go.mod h1:xEhvbJcyUf/31yfGSQBe01fukXwXJ0gxDp7rLfymWE0=
github.com/aws/aws-sdk-go-v2/internal/endpoints/v2 v2.5.4 h1:4GV0kKZzUxiWxSVpn/9gwR0g21NF1Jsyduzo9rHgC/Q=
github.com/aws/aws-sdk-go-v2/internal/endpoints/v2 v2.5.4/go.mod h1:dYvTNAggxDZy6y1AF7YDwXsPuHFy/VNEpEI/2dWK9IU=
github.com/aws/aws-sdk-go-v2/internal/ini v1.7.1 h1:uR9lXYjdPX0xY+NhvaJ4dD8rpSRz5VY81ccIIoNG+lw=
github.com/aws/aws-sdk-go-v2/internal/ini v1.7.1/go.mod h1:6fQQgfuGmw8Al/3M2IgIllycxV7ZW7WCdVSqfBeUiCY=
github.com/aws/aws-sdk-go-v2/internal/v4a v1.2.4 h1:40Q4X5ebZruRtknEZH/bg91sT5pR853F7/1X9QRbI54=
github.com/aws/aws-sdk-go-v2/internal/v4a v1.2.4/go.mod h1:u77N7eEECzUv7F0xl2gcfK/vzc8wcjWobpy+DcrLJ5E=
github.com/aws/aws-sdk-go-v2/service/dynamodb v1.25.3 h1:f5MV/o9V143ZKOxDh/+LLcufe4F8B3gdfg4c5Nwasyg=
github.com/aws/aws-sdk-go-v2/service/dynamodb v1.25.3/go.mod h1:p8SrrAzcuXBoLEgNI7NEw5eHFyvkvEPABS3jSE8xOZg=
github.com/aws/aws-sdk-go-v2/service/dynamodbstreams v1.17.3 h1:xXAI0rrBlyN7bUcNQgLMSLv2nwwXbWS+eJ6/WVXXt4o=
github.com/aws/aws-sdk-go-v2/service/dynamodbstreams v1.17.3/go.mod h1:GPI9hUB4HyNslck05LhlyUGslK/OZVJpKxY1tJfbZYU=
github.com/aws/aws-sdk-go-v2/service/iam v1.27.3 h1:rHgJTYLKwLcZ9/k8CVWJuhdApnb3cdjoQeLvKa6bAcU=
github.com/aws/aws-sdk-go-v2/service/iam v1.27.3/go.mod h1:LklzfZoa7bL/NdhOzoaRtqSLGhu5j+GqE/9WoOQGFKY=
github.com/aws/aws-sdk-go-v2/service/internal/accept-encoding v1.10.1 h1:rpkF4n0CyFcrJUG/rNNohoTmhtWlFTRI4BsZOh9PvLs=
github.com/aws/aws-sdk-go-v2/service/internal/accept-encoding v1.10.1/go.mod h1:l9ymW25HOqymeU2m1gbUQ3rUIsTwKs8gYHXkqDQUhiI=
github.com/aws/aws-sdk-go-v2/service/internal/checksum v1.2.4 h1:6DRKQc+9cChgzL5gplRGusI5dBGeiEod4m/pmGbcX48=
github.com/aws/aws-sdk-go-v2/service/internal/checksum v1.2.4/go.mod h1:s8ORvrW4g4v7IvYKIAoBg17w3GQ+XuwXDXYrQ5SkzU0=
github.com/aws/aws-sdk-go-v2/service/internal/endpoint-discovery v1.8.4 h1:yUrVjtoH+5aA7h8qFVvVOBv03K5XIcgR3r1y1lH5raw=
github.com/aws/aws-sdk-go-v2/service/internal/endpoint-discovery v1.8.4/go.mod h1:g10w17faXf5sqTZt8+Bu/9PIUopwgcYZDb9jvsl8M9E=
github.com/aws/aws-sdk-go-v2/service/internal/presigned-url v1.10.4 h1:rdovz3rEu0vZKbzoMYPTehp0E8veoE9AyfzqCr5Eeao=
github.com/aws/aws-sdk-go-v2/service/internal/presigned-url v1.10.4/go.mod h1:aYCGNjyUCUelhofxlZyj63srdxWUSsBSGg5l6MCuXuE=
github.com/aws/aws-sdk-go-v2/service/internal/s3shared v1.16.4 h1:o3DcfCxGDIT20pTbVKVhp3vWXOj/VvgazNJvumWeYW0=
github.com/aws/aws-sdk-go-v2/service/internal/s3shared v1.16.4/go.mod h1:Uy0KVOxuTK2ne+/PKQ+VvEeWmjMMksE17k/2RK/r5oM=
github.com/aws/aws-sdk-go-v2/service/lambda v1.48.1 h1:xVOzP4rFi0kMXUQozqInP+Yy6zldr8WTpHeVEqxMtOY=
github.com/aws/aws-sdk-go-v2/service/lambda v1.48.1/go.mod h1:7dj5Kak6A6QOeZxUgIDUWVG5+7upeEBY1ivtFDRLxSQ=
github.com/aws/aws-sdk-go-v2/service/s3 v1.45.0 h1:qm5f24B6bg3BsVdbMd8ODEfKeadBmYlwUi9erqRfv6s=
github.com/aws/aws-sdk-go-v2/service/s3 v1.45.0/go.mod h1:dqJ5JBL0clzgHriH35Amx3LRFY6wNIPUX7QO/BerSBo=
github.com/aws/aws-sdk-go-v2/service/sns v1.25.4 h1:6W/CZeZxRHMU+dZg08XZULu0DRRuU4jMta804ouIc48=
github.com/aws/aws-sdk-go-v2/service/sns v1.25.4/go.mod h1:GkPiLToDWySwNSsR4AVam/Sv8UAZuMlGe9dozvyRCPE=
github.com/aws/aws-sdk-go-v2/service/sqs v1.28.3 h1:MGpMQqqfFHnjiGzOWX3u/yn8w7ENyrfXmS89uBkTxas=
github.com/aws/aws-sdk-go-v2/service/sqs v1.28.3/go.mod h1:7vHhhnzSGZcquR6+X7V+wDHdY8iOk5ge0z+FxoxkvJw=
github.com/aws/aws-sdk-go-v2/service/sso v1.17.3 h1:CdsSOGlFF3Pn+koXOIpTtvX7st0IuGsZ8kJqcWMlX54=
github.com/aws/aws-sdk-go-v2/service/sso v1.17.3/go.mod h1:oA6VjNsLll2eVuUoF2D+CMyORgNzPEW/3PyUdq6WQjI=
github.com/aws/aws-sdk-go-v2/service/ssooidc v1.20.1 h1:cbRqFTVnJV+KRpwFl76GJdIZJKKCdTPnjUZ7uWh3pIU=
github.com/aws/aws-sdk-go-v2/service/ssooidc v1.20.1/go.mod h1:hHL974p5auvXlZPIjJTblXJpbkfK4klBczlsEaMCGVY=
github.com/aws/aws-sdk-go-v2/service/sts v1.25.5 h1:jwpmP8FnZPdpmJ8hkximoPQFGCUzfIekccwkxlfVfHQ=
github.com/aws/aws-sdk-go-v2/service/sts v1.25.5/go.mod h1:feTnm2Tk/pJxdX+eooEsxvlvTWBvDm6CasRZ+JOs2IY=
github.com/aws/smithy-go v1.17.0 h1:wWJD7LX6PBV6etBUwO0zElG0nWN9rUhp0WdYeHSHAaI=
github.com/aws/smithy-go v1.17.0/go.mod h1:NukqUGpCZIILqqiV0NIjeFh24kd/FAa4beRb6nbIUPE=
github.com/banzaicloud/logrus-runtime-formatter v0.0.0-20190729070250-5ae5475bae5e h1:ZOnKnYG1LLgq4W7wZUYj9ntn3RxQ65EZyYqdtFpP2Dw=
github.com/banzaicloud/logrus-runtime-formatter v0.0.0-20190729070250-5ae5475bae5e/go.mod h1:hEvEpPmuwKO+0TbrDQKIkmX0gW2s2waZHF8pIhEEmpM=
github.com/davecgh/go-spew v1.1.0/go.mod h1:J7Y8YcW2NihsgmVo/mv3lAwl/skON4iLHjSsI+c5H38=
github.com/davecgh/go-spew v1.1.1 h1:vj9j/u1bqnvCEfJOwUhtlOARqs3+rkHYY13jYWTU97c=
github.com/davecgh/go-spew v1.1.1/go.mod h1:J7Y8YcW2NihsgmVo/mv3lAwl/skON4iLHjSsI+c5H38=
github.com/go-test/deep v1.0.4 h1:u2CU3YKy9I2pmu9pX0eq50wCgjfGIt539SqR7FbHiho=
github.com/go-test/deep v1.0.4/go.mod h1:wGDj63lr65AM2AQyKZd/NYHGb0R+1RLqB8NKt3aSFNA=
github.com/google/go-cmp v0.5.7/go.mod h1:n+brtR0CgQNWTVd5ZUFpTBC8YFBDLK/h/bpaJ8/DtOE=
github.com/google/go-cmp v0.5.8 h1:e6P7q2lk1O+qJJb4BtCQXlK8vWEO8V1ZeuEdJNOqZyg=
github.com/google/go-cmp v0.5.8/go.mod h1:17dUlkBOakJ0+DkrSSNjCkIjxS6bF9zb3elmeNGIjoY=
github.com/gorilla/websocket v1.4.2 h1:+/TMaTYc4QFitKJxsQ7Yye35DkWvkdLcvGKqM+x0Ufc=
github.com/gorilla/websocket v1.4.2/go.mod h1:YR8l580nyteQvAITg2hZ9XVh4b55+EU/adAjf1fMHhE=
github.com/jmespath/go-jmespath v0.4.0 h1:BEgLn5cpjn8UN1mAw4NjwDrS35OdebyEtFe+9YPoQUg=
github.com/jmespath/go-jmespath v0.4.0/go.mod h1:T8mJZnbsbmF+m6zOOFylbeCJqk5+pHWvzYPziyZiYoo=
github.com/jmespath/go-jmespath/internal/testify v1.5.1 h1:shLQSRRSCCPj3f2gpwzGwWFoC7ycTf1rcQZHOlsJ6N8=
github.com/jmespath/go-jmespath/internal/testify v1.5.1/go.mod h1:L3OGu8Wl2/fWfCI6z80xFu9LTZmf1ZRjMHUOPmWr69U=
github.com/joho/godotenv v1.5.1 h1:7eLL/+HRGLY0ldzfGMeQkb7vMd0as4CfYvUVzLqw0N0=
github.com/joho/godotenv v1.5.1/go.mod h1:f4LDr5Voq0i2e/R5DDNOoa2zzDfwtkZa6DnEwAbqwq4=
github.com/konsorten/go-windows-terminal-sequences v1.0.1/go.mod h1:T0+1ngSBFLxvqU3pZ+m/2kptfBszLMUkC4ZK/EgS/cQ=
github.com/pmezard/go-difflib v1.0.0 h1:4DBwDE0NGyQoBHbLQYPwSUPoCMWR5BEzIk/f1lZbAQM=
github.com/pmezard/go-difflib v1.0.0/go.mod h1:iKH77koFhYxTK1pcRnkKkqfTogsbg7gZNVY4sRDYZ/4=
github.com/satori/go.uuid v1.2.0 h1:0uYX9dsZ2yD7q2RtLRtPSdGDWzjeM3TbMJP9utgA0ww=
github.com/satori/go.uuid v1.2.0/go.mod h1:dA0hQrYB0VpLJoorglMZABFdXlWrHn1NEOzdhQKdks0=
github.com/sirupsen/logrus v1.4.2/go.mod h1:tLMulIdttU9McNUspp0xgXVQah82FyeX6MwdIuYE2rE=
github.com/sirupsen/logrus v1.9.3 h1:dueUQJ1C2q9oE3F7wvmSGAaVtTmUizReu6fjN8uqzbQ=
github.com/sirupsen/logrus v1.9.3/go.mod h1:naHLuLoDiP4jHNo9R0sCBMtWGeIprob74mVsIT4qYEQ=
github.com/slack-go/slack v0.12.3 h1:92/dfFU8Q5XP6Wp5rr5/T5JHLM5c5Smtn53fhToAP88=
github.com/slack-go/slack v0.12.3/go.mod h1:hlGi5oXA+Gt+yWTPP0plCdRKmjsDxecdHxYQdlMQKOw=
github.com/stretchr/objx v0.1.0/go.mod h1:HFkY916IF+rwdDfMAkV7OtwuqBVzrE8GR6GFx+wExME=
github.com/stretchr/objx v0.1.1/go.mod h1:HFkY916IF+rwdDfMAkV7OtwuqBVzrE8GR6GFx+wExME=
github.com/stretchr/testify v1.2.2/go.mod h1:a8OnRcib4nhh0OaRAV+Yts87kKdq0PP7pXfy6kDkUVs=
github.com/stretchr/testify v1.7.0 h1:nwc3DEeHmmLAfoZucVR881uASk0Mfjw8xYJ99tb5CcY=
github.com/stretchr/testify v1.7.0/go.mod h1:6Fq8oRcR53rry900zMqJjRRixrwX3KX962/h/Wwjteg=
golang.org/x/sys v0.0.0-20190422165155-953cdadca894/go.mod h1:h1NjWce9XRLGQEsW7wpKNCjG9DtNlClVuFLEZdDNbEs=
golang.org/x/sys v0.0.0-20220715151400-c0bba94af5f8 h1:0A+M6Uqn+Eje4kHMK80dtF3JCXC4ykBgQG4Fe06QRhQ=
golang.org/x/sys v0.0.0-20220715151400-c0bba94af5f8/go.mod h1:oPkhp1MJrh7nUepCBck5+mAzfO9JrbApNNgaTdGDITg=
golang.org/x/xerrors v0.0.0-20191204190536-9bdfabe68543/go.mod h1:I/5z698sn9Ka8TeJc9MKroUUfqBBauWjQqLJ2OPfmY0=
gopkg.in/check.v1 v0.0.0-20161208181325-20d25e280405 h1:yhCVgyC4o1eVCa2tZl7eS0r+SDo693bJlVdllGtEeKM=
gopkg.in/check.v1 v0.0.0-20161208181325-20d25e280405/go.mod h1:Co6ibVJAznAaIkqp8huTwlJQCZ016jof/cbN4VW5Yz0=
gopkg.in/yaml.v2 v2.2.8 h1:obN1ZagJSUGI0Ek/LBmuj4SNLPfIny3KsKFopxRdj10=
gopkg.in/yaml.v2 v2.2.8/go.mod h1:hI93XBmqTisBFMUTm0b8Fm+jr3Dg1NNxqwp+5A1VGuI=
gopkg.in/yaml.v3 v3.0.0-20200313102051-9f266ea9e77c/go.mod h1:K4uyk7z7BCEPqu6E+C64Yfv1cQ7kz7rIZviUmN+EgEM=
gopkg.in/yaml.v3 v3.0.0-20210107192922-496545a6307b h1:h8qDotaEPuJATrMmW04NCwg7v22aHH28wwpauUhK9Oo=
gopkg.in/yaml.v3 v3.0.0-20210107192922-496545a6307b/go.mod h1:K4uyk7z7BCEPqu6E+C64Yfv1cQ7kz7rIZviUmN+EgEM=